// !$*UTF8*$!
{
	archiveVersion = 1;
	classes = {
	};
	objectVersion = 56;
	objects = {

/* Begin PBXBuildFile section */
		4576E2DF296053DB00674832 /* AppDelegate.swift in Sources */ = {isa = PBXBuildFile; fileRef = 4576E2DE296053DB00674832 /* AppDelegate.swift */; };
		4576E2E1296053DB00674832 /* SceneDelegate.swift in Sources */ = {isa = PBXBuildFile; fileRef = 4576E2E0296053DB00674832 /* SceneDelegate.swift */; };
		4576E2E3296053DB00674832 /* RMTabBarController.swift in Sources */ = {isa = PBXBuildFile; fileRef = 4576E2E2296053DB00674832 /* RMTabBarController.swift */; };
		4576E2E8296053DC00674832 /* Assets.xcassets in Resources */ = {isa = PBXBuildFile; fileRef = 4576E2E7296053DC00674832 /* Assets.xcassets */; };
		4576E2EB296053DC00674832 /* LaunchScreen.storyboard in Resources */ = {isa = PBXBuildFile; fileRef = 4576E2E9296053DC00674832 /* LaunchScreen.storyboard */; };
		4576E2FA29605BB000674832 /* RMLocation.swift in Sources */ = {isa = PBXBuildFile; fileRef = 4576E2F929605BB000674832 /* RMLocation.swift */; };
		4576E2FC29605BC300674832 /* RMCharacter.swift in Sources */ = {isa = PBXBuildFile; fileRef = 4576E2FB29605BC300674832 /* RMCharacter.swift */; };
		4576E2FE29605BD000674832 /* RMEpisode.swift in Sources */ = {isa = PBXBuildFile; fileRef = 4576E2FD29605BD000674832 /* RMEpisode.swift */; };
		4576E30129606C3B00674832 /* RMCharacterViewController.swift in Sources */ = {isa = PBXBuildFile; fileRef = 4576E30029606C3B00674832 /* RMCharacterViewController.swift */; };
		4576E30329606C6800674832 /* RMLocationViewController.swift in Sources */ = {isa = PBXBuildFile; fileRef = 4576E30229606C6800674832 /* RMLocationViewController.swift */; };
		4576E30529606C7E00674832 /* RMEpisodeViewController.swift in Sources */ = {isa = PBXBuildFile; fileRef = 4576E30429606C7E00674832 /* RMEpisodeViewController.swift */; };
		4576E30729606CA100674832 /* RMSettingsViewController.swift in Sources */ = {isa = PBXBuildFile; fileRef = 4576E30629606CA100674832 /* RMSettingsViewController.swift */; };
		45C74E362962E9F700896962 /* RMService.swift in Sources */ = {isa = PBXBuildFile; fileRef = 45C74E352962E9F700896962 /* RMService.swift */; };
		45C74E382962EA2000896962 /* RMRequest.swift in Sources */ = {isa = PBXBuildFile; fileRef = 45C74E372962EA2000896962 /* RMRequest.swift */; };
		45C74E3A2962F45400896962 /* RMEndpoint.swift in Sources */ = {isa = PBXBuildFile; fileRef = 45C74E392962F45400896962 /* RMEndpoint.swift */; };
/* End PBXBuildFile section */

/* Begin PBXFileReference section */
		4576E2DB296053DB00674832 /* RickAndMorty.app */ = {isa = PBXFileReference; explicitFileType = wrapper.application; includeInIndex = 0; path = RickAndMorty.app; sourceTree = BUILT_PRODUCTS_DIR; };
		4576E2DE296053DB00674832 /* AppDelegate.swift */ = {isa = PBXFileReference; lastKnownFileType = sourcecode.swift; path = AppDelegate.swift; sourceTree = "<group>"; };
		4576E2E0296053DB00674832 /* SceneDelegate.swift */ = {isa = PBXFileReference; lastKnownFileType = sourcecode.swift; path = SceneDelegate.swift; sourceTree = "<group>"; };
		4576E2E2296053DB00674832 /* RMTabBarController.swift */ = {isa = PBXFileReference; lastKnownFileType = sourcecode.swift; path = RMTabBarController.swift; sourceTree = "<group>"; };
		4576E2E7296053DC00674832 /* Assets.xcassets */ = {isa = PBXFileReference; lastKnownFileType = folder.assetcatalog; path = Assets.xcassets; sourceTree = "<group>"; };
		4576E2EA296053DC00674832 /* Base */ = {isa = PBXFileReference; lastKnownFileType = file.storyboard; name = Base; path = Base.lproj/LaunchScreen.storyboard; sourceTree = "<group>"; };
		4576E2EC296053DC00674832 /* Info.plist */ = {isa = PBXFileReference; lastKnownFileType = text.plist.xml; path = Info.plist; sourceTree = "<group>"; };
		4576E2F929605BB000674832 /* RMLocation.swift */ = {isa = PBXFileReference; lastKnownFileType = sourcecode.swift; path = RMLocation.swift; sourceTree = "<group>"; };
		4576E2FB29605BC300674832 /* RMCharacter.swift */ = {isa = PBXFileReference; lastKnownFileType = sourcecode.swift; path = RMCharacter.swift; sourceTree = "<group>"; };
		4576E2FD29605BD000674832 /* RMEpisode.swift */ = {isa = PBXFileReference; lastKnownFileType = sourcecode.swift; path = RMEpisode.swift; sourceTree = "<group>"; };
		4576E30029606C3B00674832 /* RMCharacterViewController.swift */ = {isa = PBXFileReference; lastKnownFileType = sourcecode.swift; path = RMCharacterViewController.swift; sourceTree = "<group>"; };
		4576E30229606C6800674832 /* RMLocationViewController.swift */ = {isa = PBXFileReference; lastKnownFileType = sourcecode.swift; path = RMLocationViewController.swift; sourceTree = "<group>"; };
		4576E30429606C7E00674832 /* RMEpisodeViewController.swift */ = {isa = PBXFileReference; lastKnownFileType = sourcecode.swift; path = RMEpisodeViewController.swift; sourceTree = "<group>"; };
		4576E30629606CA100674832 /* RMSettingsViewController.swift */ = {isa = PBXFileReference; lastKnownFileType = sourcecode.swift; path = RMSettingsViewController.swift; sourceTree = "<group>"; };
		45C74E352962E9F700896962 /* RMService.swift */ = {isa = PBXFileReference; lastKnownFileType = sourcecode.swift; path = RMService.swift; sourceTree = "<group>"; };
		45C74E372962EA2000896962 /* RMRequest.swift */ = {isa = PBXFileReference; lastKnownFileType = sourcecode.swift; path = RMRequest.swift; sourceTree = "<group>"; };
		45C74E392962F45400896962 /* RMEndpoint.swift */ = {isa = PBXFileReference; lastKnownFileType = sourcecode.swift; path = RMEndpoint.swift; sourceTree = "<group>"; };
/* End PBXFileReference section */

/* Begin PBXFrameworksBuildPhase section */
		4576E2D8296053DB00674832 /* Frameworks */ = {
			isa = PBXFrameworksBuildPhase;
			buildActionMask = 2147483647;
			files = (
			);
			runOnlyForDeploymentPostprocessing = 0;
		};
/* End PBXFrameworksBuildPhase section */

/* Begin PBXGroup section */
		4576E2D2296053DB00674832 = {
			isa = PBXGroup;
			children = (
				4576E2DD296053DB00674832 /* RickAndMorty */,
				4576E2DC296053DB00674832 /* Products */,
			);
			sourceTree = "<group>";
		};
		4576E2DC296053DB00674832 /* Products */ = {
			isa = PBXGroup;
			children = (
				4576E2DB296053DB00674832 /* RickAndMorty.app */,
			);
			name = Products;
			sourceTree = "<group>";
		};
		4576E2DD296053DB00674832 /* RickAndMorty */ = {
			isa = PBXGroup;
			children = (
				4576E2F829605A6600674832 /* Ressources */,
				4576E2F729605A5000674832 /* Managers */,
				4576E2F629605A3000674832 /* APIClient */,
				4576E2F529605A0100674832 /* ViewModels */,
				4576E2F4296059F400674832 /* Views */,
				4576E2F3296059E700674832 /* Models */,
				4576E2F2296059DA00674832 /* Controllers */,
				4576E2EC296053DC00674832 /* Info.plist */,
			);
			path = RickAndMorty;
			sourceTree = "<group>";
		};
		4576E2F2296059DA00674832 /* Controllers */ = {
			isa = PBXGroup;
			children = (
				4576E2FF29606BD200674832 /* Core */,
			);
			path = Controllers;
			sourceTree = "<group>";
		};
		4576E2F3296059E700674832 /* Models */ = {
			isa = PBXGroup;
			children = (
				4576E2F929605BB000674832 /* RMLocation.swift */,
				4576E2FB29605BC300674832 /* RMCharacter.swift */,
				4576E2FD29605BD000674832 /* RMEpisode.swift */,
			);
			path = Models;
			sourceTree = "<group>";
		};
		4576E2F4296059F400674832 /* Views */ = {
			isa = PBXGroup;
			children = (
			);
			path = Views;
			sourceTree = "<group>";
		};
		4576E2F529605A0100674832 /* ViewModels */ = {
			isa = PBXGroup;
			children = (
			);
			path = ViewModels;
			sourceTree = "<group>";
		};
		4576E2F629605A3000674832 /* APIClient */ = {
			isa = PBXGroup;
			children = (
				45C74E352962E9F700896962 /* RMService.swift */,
				45C74E372962EA2000896962 /* RMRequest.swift */,
				45C74E392962F45400896962 /* RMEndpoint.swift */,
			);
			path = APIClient;
			sourceTree = "<group>";
		};
		4576E2F729605A5000674832 /* Managers */ = {
			isa = PBXGroup;
			children = (
			);
			path = Managers;
			sourceTree = "<group>";
		};
		4576E2F829605A6600674832 /* Ressources */ = {
			isa = PBXGroup;
			children = (
				4576E2E7296053DC00674832 /* Assets.xcassets */,
				4576E2E9296053DC00674832 /* LaunchScreen.storyboard */,
				4576E2DE296053DB00674832 /* AppDelegate.swift */,
				4576E2E0296053DB00674832 /* SceneDelegate.swift */,
			);
			path = Ressources;
			sourceTree = "<group>";
		};
		4576E2FF29606BD200674832 /* Core */ = {
			isa = PBXGroup;
			children = (
				4576E2E2296053DB00674832 /* RMTabBarController.swift */,
				4576E30029606C3B00674832 /* RMCharacterViewController.swift */,
				4576E30229606C6800674832 /* RMLocationViewController.swift */,
				4576E30429606C7E00674832 /* RMEpisodeViewController.swift */,
				4576E30629606CA100674832 /* RMSettingsViewController.swift */,
			);
			path = Core;
			sourceTree = "<group>";
		};
/* End PBXGroup section */

/* Begin PBXNativeTarget section */
		4576E2DA296053DB00674832 /* RickAndMorty */ = {
			isa = PBXNativeTarget;
			buildConfigurationList = 4576E2EF296053DC00674832 /* Build configuration list for PBXNativeTarget "RickAndMorty" */;
			buildPhases = (
				4576E2D7296053DB00674832 /* Sources */,
				4576E2D8296053DB00674832 /* Frameworks */,
				4576E2D9296053DB00674832 /* Resources */,
			);
			buildRules = (
			);
			dependencies = (
			);
			name = RickAndMorty;
			productName = RickAndMorty;
			productReference = 4576E2DB296053DB00674832 /* RickAndMorty.app */;
			productType = "com.apple.product-type.application";
		};
/* End PBXNativeTarget section */

/* Begin PBXProject section */
		4576E2D3296053DB00674832 /* Project object */ = {
			isa = PBXProject;
			attributes = {
				BuildIndependentTargetsInParallel = 1;
				LastSwiftUpdateCheck = 1420;
				LastUpgradeCheck = 1420;
				TargetAttributes = {
					4576E2DA296053DB00674832 = {
						CreatedOnToolsVersion = 14.2;
					};
				};
			};
			buildConfigurationList = 4576E2D6296053DB00674832 /* Build configuration list for PBXProject "RickAndMorty" */;
			compatibilityVersion = "Xcode 14.0";
			developmentRegion = en;
			hasScannedForEncodings = 0;
			knownRegions = (
				en,
				Base,
			);
			mainGroup = 4576E2D2296053DB00674832;
			productRefGroup = 4576E2DC296053DB00674832 /* Products */;
			projectDirPath = "";
			projectRoot = "";
			targets = (
				4576E2DA296053DB00674832 /* RickAndMorty */,
			);
		};
/* End PBXProject section */

/* Begin PBXResourcesBuildPhase section */
		4576E2D9296053DB00674832 /* Resources */ = {
			isa = PBXResourcesBuildPhase;
			buildActionMask = 2147483647;
			files = (
				4576E2EB296053DC00674832 /* LaunchScreen.storyboard in Resources */,
				4576E2E8296053DC00674832 /* Assets.xcassets in Resources */,
			);
			runOnlyForDeploymentPostprocessing = 0;
		};
/* End PBXResourcesBuildPhase section */

/* Begin PBXSourcesBuildPhase section */
		4576E2D7296053DB00674832 /* Sources */ = {
			isa = PBXSourcesBuildPhase;
			buildActionMask = 2147483647;
			files = (
				4576E30329606C6800674832 /* RMLocationViewController.swift in Sources */,
				4576E2FE29605BD000674832 /* RMEpisode.swift in Sources */,
				4576E2E3296053DB00674832 /* RMTabBarController.swift in Sources */,
				4576E30529606C7E00674832 /* RMEpisodeViewController.swift in Sources */,
				4576E2DF296053DB00674832 /* AppDelegate.swift in Sources */,
				4576E2E1296053DB00674832 /* SceneDelegate.swift in Sources */,
				4576E30729606CA100674832 /* RMSettingsViewController.swift in Sources */,
				45C74E362962E9F700896962 /* RMService.swift in Sources */,
				4576E2FA29605BB000674832 /* RMLocation.swift in Sources */,
				45C74E3A2962F45400896962 /* RMEndpoint.swift in Sources */,
				4576E2FC29605BC300674832 /* RMCharacter.swift in Sources */,
				45C74E382962EA2000896962 /* RMRequest.swift in Sources */,
				4576E30129606C3B00674832 /* RMCharacterViewController.swift in Sources */,
			);
			runOnlyForDeploymentPostprocessing = 0;
		};
/* End PBXSourcesBuildPhase section */

/* Begin PBXVariantGroup section */
		4576E2E9296053DC00674832 /* LaunchScreen.storyboard */ = {
			isa = PBXVariantGroup;
			children = (
				4576E2EA296053DC00674832 /* Base */,
			);
			name = LaunchScreen.storyboard;
			sourceTree = "<group>";
		};
/* End PBXVariantGroup section */

/* Begin XCBuildConfiguration section */
		4576E2ED296053DC00674832 /* Debug */ = {
			isa = XCBuildConfiguration;
			buildSettings = {
				ALWAYS_SEARCH_USER_PATHS = NO;
				CLANG_ANALYZER_NONNULL = YES;
				CLANG_ANALYZER_NUMBER_OBJECT_CONVERSION = YES_AGGRESSIVE;
				CLANG_CXX_LANGUAGE_STANDARD = "gnu++20";
				CLANG_ENABLE_MODULES = YES;
				CLANG_ENABLE_OBJC_ARC = YES;
				CLANG_ENABLE_OBJC_WEAK = YES;
				CLANG_WARN_BLOCK_CAPTURE_AUTORELEASING = YES;
				CLANG_WARN_BOOL_CONVERSION = YES;
				CLANG_WARN_COMMA = YES;
				CLANG_WARN_CONSTANT_CONVERSION = YES;
				CLANG_WARN_DEPRECATED_OBJC_IMPLEMENTATIONS = YES;
				CLANG_WARN_DIRECT_OBJC_ISA_USAGE = YES_ERROR;
				CLANG_WARN_DOCUMENTATION_COMMENTS = YES;
				CLANG_WARN_EMPTY_BODY = YES;
				CLANG_WARN_ENUM_CONVERSION = YES;
				CLANG_WARN_INFINITE_RECURSION = YES;
				CLANG_WARN_INT_CONVERSION = YES;
				CLANG_WARN_NON_LITERAL_NULL_CONVERSION = YES;
				CLANG_WARN_OBJC_IMPLICIT_RETAIN_SELF = YES;
				CLANG_WARN_OBJC_LITERAL_CONVERSION = YES;
				CLANG_WARN_OBJC_ROOT_CLASS = YES_ERROR;
				CLANG_WARN_QUOTED_INCLUDE_IN_FRAMEWORK_HEADER = YES;
				CLANG_WARN_RANGE_LOOP_ANALYSIS = YES;
				CLANG_WARN_STRICT_PROTOTYPES = YES;
				CLANG_WARN_SUSPICIOUS_MOVE = YES;
				CLANG_WARN_UNGUARDED_AVAILABILITY = YES_AGGRESSIVE;
				CLANG_WARN_UNREACHABLE_CODE = YES;
				CLANG_WARN__DUPLICATE_METHOD_MATCH = YES;
				COPY_PHASE_STRIP = NO;
				DEBUG_INFORMATION_FORMAT = dwarf;
				ENABLE_STRICT_OBJC_MSGSEND = YES;
				ENABLE_TESTABILITY = YES;
				GCC_C_LANGUAGE_STANDARD = gnu11;
				GCC_DYNAMIC_NO_PIC = NO;
				GCC_NO_COMMON_BLOCKS = YES;
				GCC_OPTIMIZATION_LEVEL = 0;
				GCC_PREPROCESSOR_DEFINITIONS = (
					"DEBUG=1",
					"$(inherited)",
				);
				GCC_WARN_64_TO_32_BIT_CONVERSION = YES;
				GCC_WARN_ABOUT_RETURN_TYPE = YES_ERROR;
				GCC_WARN_UNDECLARED_SELECTOR = YES;
				GCC_WARN_UNINITIALIZED_AUTOS = YES_AGGRESSIVE;
				GCC_WARN_UNUSED_FUNCTION = YES;
				GCC_WARN_UNUSED_VARIABLE = YES;
				IPHONEOS_DEPLOYMENT_TARGET = 16.2;
				MTL_ENABLE_DEBUG_INFO = INCLUDE_SOURCE;
				MTL_FAST_MATH = YES;
				ONLY_ACTIVE_ARCH = YES;
				SDKROOT = iphoneos;
				SWIFT_ACTIVE_COMPILATION_CONDITIONS = DEBUG;
				SWIFT_OPTIMIZATION_LEVEL = "-Onone";
			};
			name = Debug;
		};
		4576E2EE296053DC00674832 /* Release */ = {
			isa = XCBuildConfiguration;
			buildSettings = {
				ALWAYS_SEARCH_USER_PATHS = NO;
				CLANG_ANALYZER_NONNULL = YES;
				CLANG_ANALYZER_NUMBER_OBJECT_CONVERSION = YES_AGGRESSIVE;
				CLANG_CXX_LANGUAGE_STANDARD = "gnu++20";
				CLANG_ENABLE_MODULES = YES;
				CLANG_ENABLE_OBJC_ARC = YES;
				CLANG_ENABLE_OBJC_WEAK = YES;
				CLANG_WARN_BLOCK_CAPTURE_AUTORELEASING = YES;
				CLANG_WARN_BOOL_CONVERSION = YES;
				CLANG_WARN_COMMA = YES;
				CLANG_WARN_CONSTANT_CONVERSION = YES;
				CLANG_WARN_DEPRECATED_OBJC_IMPLEMENTATIONS = YES;
				CLANG_WARN_DIRECT_OBJC_ISA_USAGE = YES_ERROR;
				CLANG_WARN_DOCUMENTATION_COMMENTS = YES;
				CLANG_WARN_EMPTY_BODY = YES;
				CLANG_WARN_ENUM_CONVERSION = YES;
				CLANG_WARN_INFINITE_RECURSION = YES;
				CLANG_WARN_INT_CONVERSION = YES;
				CLANG_WARN_NON_LITERAL_NULL_CONVERSION = YES;
				CLANG_WARN_OBJC_IMPLICIT_RETAIN_SELF = YES;
				CLANG_WARN_OBJC_LITERAL_CONVERSION = YES;
				CLANG_WARN_OBJC_ROOT_CLASS = YES_ERROR;
				CLANG_WARN_QUOTED_INCLUDE_IN_FRAMEWORK_HEADER = YES;
				CLANG_WARN_RANGE_LOOP_ANALYSIS = YES;
				CLANG_WARN_STRICT_PROTOTYPES = YES;
				CLANG_WARN_SUSPICIOUS_MOVE = YES;
				CLANG_WARN_UNGUARDED_AVAILABILITY = YES_AGGRESSIVE;
				CLANG_WARN_UNREACHABLE_CODE = YES;
				CLANG_WARN__DUPLICATE_METHOD_MATCH = YES;
				COPY_PHASE_STRIP = NO;
				DEBUG_INFORMATION_FORMAT = "dwarf-with-dsym";
				ENABLE_NS_ASSERTIONS = NO;
				ENABLE_STRICT_OBJC_MSGSEND = YES;
				GCC_C_LANGUAGE_STANDARD = gnu11;
				GCC_NO_COMMON_BLOCKS = YES;
				GCC_WARN_64_TO_32_BIT_CONVERSION = YES;
				GCC_WARN_ABOUT_RETURN_TYPE = YES_ERROR;
				GCC_WARN_UNDECLARED_SELECTOR = YES;
				GCC_WARN_UNINITIALIZED_AUTOS = YES_AGGRESSIVE;
				GCC_WARN_UNUSED_FUNCTION = YES;
				GCC_WARN_UNUSED_VARIABLE = YES;
				IPHONEOS_DEPLOYMENT_TARGET = 16.2;
				MTL_ENABLE_DEBUG_INFO = NO;
				MTL_FAST_MATH = YES;
				SDKROOT = iphoneos;
				SWIFT_COMPILATION_MODE = wholemodule;
				SWIFT_OPTIMIZATION_LEVEL = "-O";
				VALIDATE_PRODUCT = YES;
			};
			name = Release;
		};
		4576E2F0296053DC00674832 /* Debug */ = {
			isa = XCBuildConfiguration;
			buildSettings = {
				ASSETCATALOG_COMPILER_APPICON_NAME = AppIcon;
				ASSETCATALOG_COMPILER_GLOBAL_ACCENT_COLOR_NAME = AccentColor;
				CODE_SIGN_STYLE = Automatic;
				CURRENT_PROJECT_VERSION = 1;
				DEVELOPMENT_TEAM = VEYLP8JR98;
				GENERATE_INFOPLIST_FILE = YES;
				INFOPLIST_FILE = RickAndMorty/Info.plist;
				INFOPLIST_KEY_UIApplicationSupportsIndirectInputEvents = YES;
				INFOPLIST_KEY_UILaunchStoryboardName = LaunchScreen;
				INFOPLIST_KEY_UISupportedInterfaceOrientations_iPad = "UIInterfaceOrientationPortrait UIInterfaceOrientationPortraitUpsideDown UIInterfaceOrientationLandscapeLeft UIInterfaceOrientationLandscapeRight";
				INFOPLIST_KEY_UISupportedInterfaceOrientations_iPhone = "UIInterfaceOrientationPortrait UIInterfaceOrientationLandscapeLeft UIInterfaceOrientationLandscapeRight";
				LD_RUNPATH_SEARCH_PATHS = (
					"$(inherited)",
					"@executable_path/Frameworks",
				);
				MARKETING_VERSION = 1.0;
				PRODUCT_BUNDLE_IDENTIFIER = com.sylvinfo.RickAndMorty;
				PRODUCT_NAME = "$(TARGET_NAME)";
				SWIFT_EMIT_LOC_STRINGS = YES;
				SWIFT_VERSION = 5.0;
				TARGETED_DEVICE_FAMILY = "1,2";
			};
			name = Debug;
		};
		4576E2F1296053DC00674832 /* Release */ = {
			isa = XCBuildConfiguration;
			buildSettings = {
				ASSETCATALOG_COMPILER_APPICON_NAME = AppIcon;
				ASSETCATALOG_COMPILER_GLOBAL_ACCENT_COLOR_NAME = AccentColor;
				CODE_SIGN_STYLE = Automatic;
				CURRENT_PROJECT_VERSION = 1;
				DEVELOPMENT_TEAM = VEYLP8JR98;
				GENERATE_INFOPLIST_FILE = YES;
				INFOPLIST_FILE = RickAndMorty/Info.plist;
				INFOPLIST_KEY_UIApplicationSupportsIndirectInputEvents = YES;
				INFOPLIST_KEY_UILaunchStoryboardName = LaunchScreen;
				INFOPLIST_KEY_UISupportedInterfaceOrientations_iPad = "UIInterfaceOrientationPortrait UIInterfaceOrientationPortraitUpsideDown UIInterfaceOrientationLandscapeLeft UIInterfaceOrientationLandscapeRight";
				INFOPLIST_KEY_UISupportedInterfaceOrientations_iPhone = "UIInterfaceOrientationPortrait UIInterfaceOrientationLandscapeLeft UIInterfaceOrientationLandscapeRight";
				LD_RUNPATH_SEARCH_PATHS = (
					"$(inherited)",
					"@executable_path/Frameworks",
				);
				MARKETING_VERSION = 1.0;
				PRODUCT_BUNDLE_IDENTIFIER = com.sylvinfo.RickAndMorty;
				PRODUCT_NAME = "$(TARGET_NAME)";
				SWIFT_EMIT_LOC_STRINGS = YES;
				SWIFT_VERSION = 5.0;
				TARGETED_DEVICE_FAMILY = "1,2";
			};
			name = Release;
		};
/* End XCBuildConfiguration section */

/* Begin XCConfigurationList section */
		4576E2D6296053DB00674832 /* Build configuration list for PBXProject "RickAndMorty" */ = {
			isa = XCConfigurationList;
			buildConfigurations = (
				4576E2ED296053DC00674832 /* Debug */,
				4576E2EE296053DC00674832 /* Release */,
			);
			defaultConfigurationIsVisible = 0;
			defaultConfigurationName = Release;
		};
		4576E2EF296053DC00674832 /* Build configuration list for PBXNativeTarget "RickAndMorty" */ = {
			isa = XCConfigurationList;
			buildConfigurations = (
				4576E2F0296053DC00674832 /* Debug */,
				4576E2F1296053DC00674832 /* Release */,
			);
			defaultConfigurationIsVisible = 0;
			defaultConfigurationName = Release;
		};
/* End XCConfigurationList section */
	};
	rootObject = 4576E2D3296053DB00674832 /* Project object */;
}
